
Microsoft Visual Studio Solution File, Format Version 9.00
# Visual Studio 2005
Project("{8BC9CEB8-8B4A-11D0-8D11-00A0C91BC942}") = "KylinMod", "OgreDemo\OgreDemo.vcproj", "{B1F31910-85F9-495E-BB12-73F3EFCC5FB2}"
	ProjectSection(ProjectDependencies) = postProject
		{FC5707A4-72D6-48A3-A9D3-3550C4BBA57F} = {FC5707A4-72D6-48A3-A9D3-3550C4BBA57F}
		{C49F54AC-E301-4734-9631-C06855892D42} = {C49F54AC-E301-4734-9631-C06855892D42}
		{94F7F3D6-7FFD-4E68-855E-887E3495133A} = {94F7F3D6-7FFD-4E68-855E-887E3495133A}
		{51EF04AC-C2A3-4FC2-80D7-B9AF67186EE7} = {51EF04AC-C2A3-4FC2-80D7-B9AF67186EE7}
	EndProjectSection
EndProject
Project("{8BC9CEB8-8B4A-11D0-8D11-00A0C91BC942}") = "Standard", "Standard\Standard.vcproj", "{94F7F3D6-7FFD-4E68-855E-887E3495133A}"
EndProject
Project("{8BC9CEB8-8B4A-11D0-8D11-00A0C91BC942}") = "Core", "Core\Core.vcproj", "{FC5707A4-72D6-48A3-A9D3-3550C4BBA57F}"
	ProjectSection(ProjectDependencies) = postProject
		{51EF04AC-C2A3-4FC2-80D7-B9AF67186EE7} = {51EF04AC-C2A3-4FC2-80D7-B9AF67186EE7}
		{94F7F3D6-7FFD-4E68-855E-887E3495133A} = {94F7F3D6-7FFD-4E68-855E-887E3495133A}
	EndProjectSection
EndProject
Project("{8BC9CEB8-8B4A-11D0-8D11-00A0C91BC942}") = "Engine", "Engine\Engine.vcproj", "{51EF04AC-C2A3-4FC2-80D7-B9AF67186EE7}"
	ProjectSection(ProjectDependencies) = postProject
		{94F7F3D6-7FFD-4E68-855E-887E3495133A} = {94F7F3D6-7FFD-4E68-855E-887E3495133A}
	EndProjectSection
EndProject
Project("{8BC9CEB8-8B4A-11D0-8D11-00A0C91BC942}") = "Client", "Client\Client.vcproj", "{C49F54AC-E301-4734-9631-C06855892D42}"
	ProjectSection(ProjectDependencies) = postProject
		{FC5707A4-72D6-48A3-A9D3-3550C4BBA57F} = {FC5707A4-72D6-48A3-A9D3-3550C4BBA57F}
		{51EF04AC-C2A3-4FC2-80D7-B9AF67186EE7} = {51EF04AC-C2A3-4FC2-80D7-B9AF67186EE7}
		{94F7F3D6-7FFD-4E68-855E-887E3495133A} = {94F7F3D6-7FFD-4E68-855E-887E3495133A}
	EndProjectSection
EndProject
Project("{8BC9CEB8-8B4A-11D0-8D11-00A0C91BC942}") = "Editor", "Editor\Editor.vcproj", "{8A8579D3-C4BD-474E-824E-A729F9C6EC48}"
EndProject
Global
	GlobalSection(SolutionConfigurationPlatforms) = preSolution
		Debug|Win32 = Debug|Win32
		Release|Win32 = Release|Win32
	EndGlobalSection
	GlobalSection(ProjectConfigurationPlatforms) = postSolution
		{B1F31910-85F9-495E-BB12-73F3EFCC5FB2}.Debug|Win32.ActiveCfg = Debug|Win32
		{B1F31910-85F9-495E-BB12-73F3EFCC5FB2}.Debug|Win32.Build.0 = Debug|Win32
		{B1F31910-85F9-495E-BB12-73F3EFCC5FB2}.Release|Win32.ActiveCfg = Release|Win32
		{B1F31910-85F9-495E-BB12-73F3EFCC5FB2}.Release|Win32.Build.0 = Release|Win32
		{94F7F3D6-7FFD-4E68-855E-887E3495133A}.Debug|Win32.ActiveCfg = Debug|Win32
		{94F7F3D6-7FFD-4E68-855E-887E3495133A}.Debug|Win32.Build.0 = Debug|Win32
		{94F7F3D6-7FFD-4E68-855E-887E3495133A}.Release|Win32.ActiveCfg = Release|Win32
		{94F7F3D6-7FFD-4E68-855E-887E3495133A}.Release|Win32.Build.0 = Release|Win32
		{FC5707A4-72D6-48A3-A9D3-3550C4BBA57F}.Debug|Win32.ActiveCfg = Debug|Win32
		{FC5707A4-72D6-48A3-A9D3-3550C4BBA57F}.Debug|Win32.Build.0 = Debug|Win32
		{FC5707A4-72D6-48A3-A9D3-3550C4BBA57F}.Release|Win32.ActiveCfg = Release|Win32
		{FC5707A4-72D6-48A3-A9D3-3550C4BBA57F}.Release|Win32.Build.0 = Release|Win32
		{51EF04AC-C2A3-4FC2-80D7-B9AF67186EE7}.Debug|Win32.ActiveCfg = Debug|Win32
		{51EF04AC-C2A3-4FC2-80D7-B9AF67186EE7}.Debug|Win32.Build.0 = Debug|Win32
		{51EF04AC-C2A3-4FC2-80D7-B9AF67186EE7}.Release|Win32.ActiveCfg = Release|Win32
		{51EF04AC-C2A3-4FC2-80D7-B9AF67186EE7}.Release|Win32.Build.0 = Release|Win32
		{C49F54AC-E301-4734-9631-C06855892D42}.Debug|Win32.ActiveCfg = Debug|Win32
		{C49F54AC-E301-4734-9631-C06855892D42}.Debug|Win32.Build.0 = Debug|Win32
		{C49F54AC-E301-4734-9631-C06855892D42}.Release|Win32.ActiveCfg = Release|Win32
		{C49F54AC-E301-4734-9631-C06855892D42}.Release|Win32.Build.0 = Release|Win32
		{8A8579D3-C4BD-474E-824E-A729F9C6EC48}.Debug|Win32.ActiveCfg = Debug|Win32
		{8A8579D3-C4BD-474E-824E-A729F9C6EC48}.Debug|Win32.Build.0 = Debug|Win32
		{8A8579D3-C4BD-474E-824E-A729F9C6EC48}.Release|Win32.ActiveCfg = Release|Win32
		{8A8579D3-C4BD-474E-824E-A729F9C6EC48}.Release|Win32.Build.0 = Release|Win32
	EndGlobalSection
	GlobalSection(SolutionProperties) = preSolution
		HideSolutionNode = FALSE
	EndGlobalSection
EndGlobal
